
Microsoft Visual Studio Solution File, Format Version 12.00
# Visual Studio 15
VisualStudioVersion = 15.0.28307.421
MinimumVisualStudioVersion = 10.0.40219.1
Project("{FAE04EC0-301F-11D3-BF4B-00C04F79EFBC}") = "WinFrmTalk", "WinFrmTalk\WinFrmTalk.csproj", "{5AB4DE4A-73D3-473A-B8E3-ED9DA4BB4CDF}"
EndProject
Project("{FAE04EC0-301F-11D3-BF4B-00C04F79EFBC}") = "TalkBubble", "TalkBubble\TalkBubble.csproj", "{1DE1E7EA-0934-400C-819B-77E13317A337}"
EndProject
Project("{FAE04EC0-301F-11D3-BF4B-00C04F79EFBC}") = "update", "AutoUpdate\AutoUpdate\update.csproj", "{098DBEDB-7403-4491-B3B7-1C15C1AA9B4B}"
EndProject
Project("{FAE04EC0-301F-11D3-BF4B-00C04F79EFBC}") = "PC20Bet", "PC20Bet\PC20Bet.csproj", "{395A91F7-C500-467D-B83E-BFEE286DE670}"
EndProject
Project("{FAE04EC0-301F-11D3-BF4B-00C04F79EFBC}") = "BetChat", "BetChat\BetChat.csproj", "{90AE1198-9B31-45CA-A755-E64F2C546B9B}"
EndProject
Global
	GlobalSection(SolutionConfigurationPlatforms) = preSolution
		Debug|Any CPU = Debug|Any CPU
		Debug|x64 = Debug|x64
		Debug|x86 = Debug|x86
		Release|Any CPU = Release|Any CPU
		Release|x64 = Release|x64
		Release|x86 = Release|x86
	EndGlobalSection
	GlobalSection(ProjectConfigurationPlatforms) = postSolution
		{5AB4DE4A-73D3-473A-B8E3-ED9DA4BB4CDF}.Debug|Any CPU.ActiveCfg = Debug|Any CPU
		{5AB4DE4A-73D3-473A-B8E3-ED9DA4BB4CDF}.Debug|Any CPU.Build.0 = Debug|Any CPU
		{5AB4DE4A-73D3-473A-B8E3-ED9DA4BB4CDF}.Debug|x64.ActiveCfg = Debug|x64
		{5AB4DE4A-73D3-473A-B8E3-ED9DA4BB4CDF}.Debug|x64.Build.0 = Debug|x64
		{5AB4DE4A-73D3-473A-B8E3-ED9DA4BB4CDF}.Debug|x86.ActiveCfg = Debug|x86
		{5AB4DE4A-73D3-473A-B8E3-ED9DA4BB4CDF}.Debug|x86.Build.0 = Debug|x86
		{5AB4DE4A-73D3-473A-B8E3-ED9DA4BB4CDF}.Release|Any CPU.ActiveCfg = Release|Any CPU
		{5AB4DE4A-73D3-473A-B8E3-ED9DA4BB4CDF}.Release|Any CPU.Build.0 = Release|Any CPU
		{5AB4DE4A-73D3-473A-B8E3-ED9DA4BB4CDF}.Release|x64.ActiveCfg = Release|x64
		{5AB4DE4A-73D3-473A-B8E3-ED9DA4BB4CDF}.Release|x64.Build.0 = Release|x64
		{5AB4DE4A-73D3-473A-B8E3-ED9DA4BB4CDF}.Release|x86.ActiveCfg = Release|x86
		{5AB4DE4A-73D3-473A-B8E3-ED9DA4BB4CDF}.Release|x86.Build.0 = Release|x86
		{1DE1E7EA-0934-400C-819B-77E13317A337}.Debug|Any CPU.ActiveCfg = Debug|Any CPU
		{1DE1E7EA-0934-400C-819B-77E13317A337}.Debug|Any CPU.Build.0 = Debug|Any CPU
		{1DE1E7EA-0934-400C-819B-77E13317A337}.Debug|x64.ActiveCfg = Debug|x64
		{1DE1E7EA-0934-400C-819B-77E13317A337}.Debug|x64.Build.0 = Debug|x64
		{1DE1E7EA-0934-400C-819B-77E13317A337}.Debug|x86.ActiveCfg = Debug|x86
		{1DE1E7EA-0934-400C-819B-77E13317A337}.Debug|x86.Build.0 = Debug|x86
		{1DE1E7EA-0934-400C-819B-77E13317A337}.Release|Any CPU.ActiveCfg = Release|Any CPU
		{1DE1E7EA-0934-400C-819B-77E13317A337}.Release|Any CPU.Build.0 = Release|Any CPU
		{1DE1E7EA-0934-400C-819B-77E13317A337}.Release|x64.ActiveCfg = Release|x64
		{1DE1E7EA-0934-400C-819B-77E13317A337}.Release|x64.Build.0 = Release|x64
		{1DE1E7EA-0934-400C-819B-77E13317A337}.Release|x86.ActiveCfg = Release|x86
		{1DE1E7EA-0934-400C-819B-77E13317A337}.Release|x86.Build.0 = Release|x86
		{098DBEDB-7403-4491-B3B7-1C15C1AA9B4B}.Debug|Any CPU.ActiveCfg = Debug|Any CPU
		{098DBEDB-7403-4491-B3B7-1C15C1AA9B4B}.Debug|Any CPU.Build.0 = Debug|Any CPU
		{098DBEDB-7403-4491-B3B7-1C15C1AA9B4B}.Debug|x64.ActiveCfg = Debug|Any CPU
		{098DBEDB-7403-4491-B3B7-1C15C1AA9B4B}.Debug|x64.Build.0 = Debug|Any CPU
		{098DBEDB-7403-4491-B3B7-1C15C1AA9B4B}.Debug|x86.ActiveCfg = Debug|x86
		{098DBEDB-7403-4491-B3B7-1C15C1AA9B4B}.Debug|x86.Build.0 = Debug|x86
		{098DBEDB-7403-4491-B3B7-1C15C1AA9B4B}.Release|Any CPU.ActiveCfg = Release|Any CPU
		{098DBEDB-7403-4491-B3B7-1C15C1AA9B4B}.Release|Any CPU.Build.0 = Release|Any CPU
		{098DBEDB-7403-4491-B3B7-1C15C1AA9B4B}.Release|x64.ActiveCfg = Release|Any CPU
		{098DBEDB-7403-4491-B3B7-1C15C1AA9B4B}.Release|x64.Build.0 = Release|Any CPU
		{098DBEDB-7403-4491-B3B7-1C15C1AA9B4B}.Release|x86.ActiveCfg = Release|x86
		{098DBEDB-7403-4491-B3B7-1C15C1AA9B4B}.Release|x86.Build.0 = Release|x86
		{395A91F7-C500-467D-B83E-BFEE286DE670}.Debug|Any CPU.ActiveCfg = Debug|Any CPU
		{395A91F7-C500-467D-B83E-BFEE286DE670}.Debug|Any CPU.Build.0 = Debug|Any CPU
		{395A91F7-C500-467D-B83E-BFEE286DE670}.Debug|x64.ActiveCfg = Debug|x64
		{395A91F7-C500-467D-B83E-BFEE286DE670}.Debug|x64.Build.0 = Debug|x64
		{395A91F7-C500-467D-B83E-BFEE286DE670}.Debug|x86.ActiveCfg = Debug|x86
		{395A91F7-C500-467D-B83E-BFEE286DE670}.Debug|x86.Build.0 = Debug|x86
		{395A91F7-C500-467D-B83E-BFEE286DE670}.Release|Any CPU.ActiveCfg = Release|Any CPU
		{395A91F7-C500-467D-B83E-BFEE286DE670}.Release|Any CPU.Build.0 = Release|Any CPU
		{395A91F7-C500-467D-B83E-BFEE286DE670}.Release|x64.ActiveCfg = Release|x64
		{395A91F7-C500-467D-B83E-BFEE286DE670}.Release|x64.Build.0 = Release|x64
		{395A91F7-C500-467D-B83E-BFEE286DE670}.Release|x86.ActiveCfg = Release|x86
		{395A91F7-C500-467D-B83E-BFEE286DE670}.Release|x86.Build.0 = Release|x86
		{90AE1198-9B31-45CA-A755-E64F2C546B9B}.Debug|Any CPU.ActiveCfg = Debug|Any CPU
		{90AE1198-9B31-45CA-A755-E64F2C546B9B}.Debug|Any CPU.Build.0 = Debug|Any CPU
		{90AE1198-9B31-45CA-A755-E64F2C546B9B}.Debug|x64.ActiveCfg = Debug|x64
		{90AE1198-9B31-45CA-A755-E64F2C546B9B}.Debug|x64.Build.0 = Debug|x64
		{90AE1198-9B31-45CA-A755-E64F2C546B9B}.Debug|x86.ActiveCfg = Debug|x86
		{90AE1198-9B31-45CA-A755-E64F2C546B9B}.Debug|x86.Build.0 = Debug|x86
		{90AE1198-9B31-45CA-A755-E64F2C546B9B}.Release|Any CPU.ActiveCfg = Release|Any CPU
		{90AE1198-9B31-45CA-A755-E64F2C546B9B}.Release|Any CPU.Build.0 = Release|Any CPU
		{90AE1198-9B31-45CA-A755-E64F2C546B9B}.Release|x64.ActiveCfg = Release|x64
		{90AE1198-9B31-45CA-A755-E64F2C546B9B}.Release|x64.Build.0 = Release|x64
		{90AE1198-9B31-45CA-A755-E64F2C546B9B}.Release|x86.ActiveCfg = Release|x86
		{90AE1198-9B31-45CA-A755-E64F2C546B9B}.Release|x86.Build.0 = Release|x86
	EndGlobalSection
	GlobalSection(SolutionProperties) = preSolution
		HideSolutionNode = FALSE
	EndGlobalSection
	GlobalSection(ExtensibilityGlobals) = postSolution
		SolutionGuid = {4195BBF4-BBD2-492F-9541-007AEE3CA072}
	EndGlobalSection
	GlobalSection(Performance) = preSolution
		HasPerformanceSessions = true
	EndGlobalSection
EndGlobal
