<?xml version="1.0" encoding="utf-8"?>
<Project ToolsVersion="4.0" xmlns="http://schemas.microsoft.com/developer/msbuild/2003">
  <ItemGroup>
    <Filter Include="Source Files">
      <UniqueIdentifier>{4FC737F1-C7A5-4376-A066-2A32D752A2FF}</UniqueIdentifier>
      <Extensions>cpp;c;cc;cxx;def;odl;idl;hpj;bat;asm;asmx</Extensions>
    </Filter>
    <Filter Include="Header Files">
      <UniqueIdentifier>{93995380-89BD-4b04-88EB-625FBE52EBFB}</UniqueIdentifier>
      <Extensions>h;hh;hpp;hxx;hm;inl;inc;xsd</Extensions>
    </Filter>
    <Filter Include="Resource Files">
      <UniqueIdentifier>{67DA6AB6-F800-4c08-8B7A-83BB121AAD01}</UniqueIdentifier>
      <Extensions>qrc;rc;ico;cur;bmp;dlg;rc2;rct;bin;rgs;gif;jpg;jpeg;jpe;resx;tiff;tif;png;wav;mfcribbon-ms</Extensions>
    </Filter>
    <Filter Include="Translation Files">
      <UniqueIdentifier>{639EADAA-A684-42e4-A9AD-28FC9BCB8F7C}</UniqueIdentifier>
      <Extensions>ts</Extensions>
    </Filter>
    <Filter Include="Form Files">
      <UniqueIdentifier>{99349809-55BA-4b9d-BF79-8FDBB0286EB3}</UniqueIdentifier>
      <Extensions>ui</Extensions>
      <ParseFiles>true</ParseFiles>
    </Filter>
  </ItemGroup>
  <ItemGroup>
    <ClInclude Include="corelib_global.h">
      <Filter>Header Files</Filter>
    </ClInclude>
    <ClInclude Include="DataPacket.h">
      <Filter>Header Files</Filter>
    </ClInclude>
    <ClInclude Include="gdata.h">
      <Filter>Header Files</Filter>
    </ClInclude>
    <ClInclude Include="LotteryRule.h">
      <Filter>Header Files</Filter>
    </ClInclude>
    <ClInclude Include="LRSettings.h">
      <Filter>Header Files</Filter>
    </ClInclude>
    <ClInclude Include="msg.pb.h">
      <Filter>Header Files</Filter>
    </ClInclude>
    <ClInclude Include="pdata.h">
      <Filter>Header Files</Filter>
    </ClInclude>
    <ClInclude Include="tinyxml2.h">
      <Filter>Header Files</Filter>
    </ClInclude>
    <ClInclude Include="ToolFunc.h">
      <Filter>Header Files</Filter>
    </ClInclude>
    <ClInclude Include="RobotRunnable.h">
      <Filter>Header Files</Filter>
    </ClInclude>
    <ClInclude Include="br.grpc.pb.h">
      <Filter>Header Files</Filter>
    </ClInclude>
    <ClInclude Include="br.pb.h">
      <Filter>Header Files</Filter>
    </ClInclude>
  </ItemGroup>
  <ItemGroup>
    <ClCompile Include="ARobot.cpp">
      <Filter>Source Files</Filter>
    </ClCompile>
    <ClCompile Include="BetManager.cpp">
      <Filter>Source Files</Filter>
    </ClCompile>
    <ClCompile Include="ChatDialog.cpp">
      <Filter>Source Files</Filter>
    </ClCompile>
    <ClCompile Include="ChatMsgDisplayWidget.cpp">
      <Filter>Source Files</Filter>
    </ClCompile>
    <ClCompile Include="Connection.cpp">
      <Filter>Source Files</Filter>
    </ClCompile>
    <ClCompile Include="DataPacket.cpp">
      <Filter>Source Files</Filter>
    </ClCompile>
    <ClCompile Include="gdata.cpp">
      <Filter>Source Files</Filter>
    </ClCompile>
    <ClCompile Include="LotteryRule.cpp">
      <Filter>Source Files</Filter>
    </ClCompile>
    <ClCompile Include="LRSettings.cpp">
      <Filter>Source Files</Filter>
    </ClCompile>
    <ClCompile Include="msg.pb.cc">
      <Filter>Source Files</Filter>
    </ClCompile>
    <ClCompile Include="pdata.cpp">
      <Filter>Source Files</Filter>
    </ClCompile>
    <ClCompile Include="RobotApplication.cpp">
      <Filter>Source Files</Filter>
    </ClCompile>
    <ClCompile Include="RobotManager.cpp">
      <Filter>Source Files</Filter>
    </ClCompile>
    <ClCompile Include="TaskBase.cpp">
      <Filter>Source Files</Filter>
    </ClCompile>
    <ClCompile Include="TaskRobot.cpp">
      <Filter>Source Files</Filter>
    </ClCompile>
    <ClCompile Include="tinyxml2.cpp">
      <Filter>Source Files</Filter>
    </ClCompile>
    <ClCompile Include="ABetRobot.cpp">
      <Filter>Source Files</Filter>
    </ClCompile>
    <ClCompile Include="BetApplication.cpp">
      <Filter>Source Files</Filter>
    </ClCompile>
    <ClCompile Include="BetTask.cpp">
      <Filter>Source Files</Filter>
    </ClCompile>
    <ClCompile Include="BetChatDialog.cpp">
      <Filter>Source Files</Filter>
    </ClCompile>
    <ClCompile Include="Packet.cpp">
      <Filter>Source Files</Filter>
    </ClCompile>
    <ClCompile Include="SMachine.cpp">
      <Filter>Source Files</Filter>
    </ClCompile>
    <ClCompile Include="BetCtlManager.cpp">
      <Filter>Source Files</Filter>
    </ClCompile>
    <ClCompile Include="ControlManager.cpp">
      <Filter>Source Files</Filter>
    </ClCompile>
    <ClCompile Include="PacketBase.cpp">
      <Filter>Source Files</Filter>
    </ClCompile>
    <ClCompile Include="RobotRunnable.cpp">
      <Filter>Source Files</Filter>
    </ClCompile>
    <ClCompile Include="BetChatWidget.cpp">
      <Filter>Source Files</Filter>
    </ClCompile>
    <ClCompile Include="br.grpc.pb.cc">
      <Filter>Source Files</Filter>
    </ClCompile>
    <ClCompile Include="LotteryQueryGrpcClient.cpp">
      <Filter>Source Files</Filter>
    </ClCompile>
    <ClCompile Include="br.pb.cc">
      <Filter>Source Files</Filter>
    </ClCompile>
  </ItemGroup>
  <ItemGroup>
    <QtMoc Include="ARobot.h">
      <Filter>Header Files</Filter>
    </QtMoc>
    <QtMoc Include="BetManager.h">
      <Filter>Header Files</Filter>
    </QtMoc>
    <QtMoc Include="ChatDialog.h">
      <Filter>Header Files</Filter>
    </QtMoc>
    <QtMoc Include="ChatMsgDisplayWidget.h">
      <Filter>Header Files</Filter>
    </QtMoc>
    <QtMoc Include="Connection.h">
      <Filter>Header Files</Filter>
    </QtMoc>
    <QtMoc Include="RobotApplication.h">
      <Filter>Header Files</Filter>
    </QtMoc>
    <QtMoc Include="RobotManager.h">
      <Filter>Header Files</Filter>
    </QtMoc>
    <QtMoc Include="TaskBase.h">
      <Filter>Header Files</Filter>
    </QtMoc>
    <QtMoc Include="TaskRobot.h">
      <Filter>Header Files</Filter>
    </QtMoc>
    <QtMoc Include="ABetRobot.h">
      <Filter>Header Files</Filter>
    </QtMoc>
    <QtMoc Include="BetApplication.h">
      <Filter>Header Files</Filter>
    </QtMoc>
    <QtMoc Include="BetTask.h">
      <Filter>Header Files</Filter>
    </QtMoc>
    <QtMoc Include="BetChatDialog.h">
      <Filter>Header Files</Filter>
    </QtMoc>
    <QtMoc Include="Packet.h">
      <Filter>Header Files</Filter>
    </QtMoc>
    <QtMoc Include="SMachine.h">
      <Filter>Header Files</Filter>
    </QtMoc>
    <QtMoc Include="BetCtlManager.h">
      <Filter>Header Files</Filter>
    </QtMoc>
    <QtMoc Include="ControlManager.h">
      <Filter>Header Files</Filter>
    </QtMoc>
    <QtMoc Include="PacketBase.h">
      <Filter>Header Files</Filter>
    </QtMoc>
    <QtMoc Include="BetChatWidget.h">
      <Filter>Header Files</Filter>
    </QtMoc>
    <QtMoc Include="LotteryQueryGrpcClient.h">
      <Filter>Header Files</Filter>
    </QtMoc>
  </ItemGroup>
  <ItemGroup>
    <QtRcc Include="CoreLib.qrc">
      <Filter>Resource Files</Filter>
    </QtRcc>
  </ItemGroup>
  <ItemGroup>
    <QtUic Include="ChatDialog.ui">
      <Filter>Form Files</Filter>
    </QtUic>
    <QtUic Include="BetChatDialog.ui">
      <Filter>Form Files</Filter>
    </QtUic>
    <QtUic Include="BetChatWidget.ui">
      <Filter>Form Files</Filter>
    </QtUic>
  </ItemGroup>
</Project>