<?xml version="1.0" encoding="utf-8"?>
<Project ToolsVersion="4.0" xmlns="http://schemas.microsoft.com/developer/msbuild/2003">
  <ItemGroup>
    <Filter Include="Source Files">
      <UniqueIdentifier>{4FC737F1-C7A5-4376-A066-2A32D752A2FF}</UniqueIdentifier>
      <Extensions>cpp;c;cc;cxx;def;odl;idl;hpj;bat;asm;asmx</Extensions>
    </Filter>
    <Filter Include="Header Files">
      <UniqueIdentifier>{93995380-89BD-4b04-88EB-625FBE52EBFB}</UniqueIdentifier>
      <Extensions>h;hh;hpp;hxx;hm;inl;inc;xsd</Extensions>
    </Filter>
    <Filter Include="Resource Files">
      <UniqueIdentifier>{67DA6AB6-F800-4c08-8B7A-83BB121AAD01}</UniqueIdentifier>
      <Extensions>qrc;rc;ico;cur;bmp;dlg;rc2;rct;bin;rgs;gif;jpg;jpeg;jpe;resx;tiff;tif;png;wav;mfcribbon-ms</Extensions>
    </Filter>
    <Filter Include="Form Files">
      <UniqueIdentifier>{99349809-55BA-4b9d-BF79-8FDBB0286EB3}</UniqueIdentifier>
      <Extensions>ui</Extensions>
    </Filter>
    <Filter Include="Translation Files">
      <UniqueIdentifier>{639EADAA-A684-42e4-A9AD-28FC9BCB8F7C}</UniqueIdentifier>
      <Extensions>ts</Extensions>
    </Filter>
  </ItemGroup>
  <ItemGroup>
    <ClCompile Include="main.cpp">
      <Filter>Source Files</Filter>
    </ClCompile>
    <ClCompile Include="BetWidget.cpp">
      <Filter>Source Files</Filter>
    </ClCompile>
    <ClCompile Include="BridgeWidget.cpp">
      <Filter>Source Files</Filter>
    </ClCompile>
    <ClCompile Include="QuerybackAndCheckWidget.cpp">
      <Filter>Source Files</Filter>
    </ClCompile>
    <ClCompile Include="MyStatusBar.cpp">
      <Filter>Source Files</Filter>
    </ClCompile>
    <ClCompile Include="PlayerListWidget.cpp">
      <Filter>Source Files</Filter>
    </ClCompile>
    <ClCompile Include="BetCtlManager.cpp">
      <Filter>Source Files</Filter>
    </ClCompile>
    <ClCompile Include="PScoreTVModel.cpp">
      <Filter>Source Files</Filter>
    </ClCompile>
    <ClCompile Include="gdata.cpp">
      <Filter>Source Files</Filter>
    </ClCompile>
    <ClCompile Include="pdata.cpp">
      <Filter>Source Files</Filter>
    </ClCompile>
    <ClCompile Include="LotteryQueryGrpcClient.cpp">
      <Filter>Source Files</Filter>
    </ClCompile>
    <ClCompile Include="LotteryRule.cpp">
      <Filter>Source Files</Filter>
    </ClCompile>
    <ClCompile Include="LRSettings.cpp">
      <Filter>Source Files</Filter>
    </ClCompile>
    <ClCompile Include="br.grpc.pb.cc">
      <Filter>Source Files</Filter>
    </ClCompile>
    <ClCompile Include="br.pb.cc">
      <Filter>Source Files</Filter>
    </ClCompile>
    <ClCompile Include="LotteryDataTVModel.cpp">
      <Filter>Source Files</Filter>
    </ClCompile>
    <ClCompile Include="LotteryDataWidget.cpp">
      <Filter>Source Files</Filter>
    </ClCompile>
    <ClCompile Include="SMachine.cpp">
      <Filter>Source Files</Filter>
    </ClCompile>
    <ClCompile Include="InfoSettingsWidget.cpp">
      <Filter>Source Files</Filter>
    </ClCompile>
    <ClCompile Include="InstructionWidget.cpp">
      <Filter>Source Files</Filter>
    </ClCompile>
    <ClCompile Include="ForAdvertiseWidget.cpp">
      <Filter>Source Files</Filter>
    </ClCompile>
    <ClCompile Include="ForLotteryWidget.cpp">
      <Filter>Source Files</Filter>
    </ClCompile>
    <ClCompile Include="ForNoGuessWidget.cpp">
      <Filter>Source Files</Filter>
    </ClCompile>
    <ClCompile Include="ForScoreWidget.cpp">
      <Filter>Source Files</Filter>
    </ClCompile>
    <ClCompile Include="ForTestWidget.cpp">
      <Filter>Source Files</Filter>
    </ClCompile>
    <ClCompile Include="LostrateWidget.cpp">
      <Filter>Source Files</Filter>
    </ClCompile>
    <ClCompile Include="GameRuleWidget.cpp">
      <Filter>Source Files</Filter>
    </ClCompile>
    <ClCompile Include="VoiceGuideWidget.cpp">
      <Filter>Source Files</Filter>
    </ClCompile>
    <ClCompile Include="ExtendedFunctionWidget.cpp">
      <Filter>Source Files</Filter>
    </ClCompile>
    <ClCompile Include="Connection.cpp">
      <Filter>Source Files</Filter>
    </ClCompile>
    <ClCompile Include="DataPacket.cpp">
      <Filter>Source Files</Filter>
    </ClCompile>
    <ClCompile Include="BetTask.cpp">
      <Filter>Source Files</Filter>
    </ClCompile>
    <ClCompile Include="TaskBase.cpp">
      <Filter>Source Files</Filter>
    </ClCompile>
    <ClCompile Include="BetManager.cpp">
      <Filter>Source Files</Filter>
    </ClCompile>
    <ClCompile Include="tinyxml2.cpp">
      <Filter>Source Files</Filter>
    </ClCompile>
    <ClCompile Include="StatusWidget.cpp">
      <Filter>Source Files</Filter>
    </ClCompile>
    <ClCompile Include="PlayerInfo.cpp">
      <Filter>Source Files</Filter>
    </ClCompile>
    <ClCompile Include="GroupInfo.cpp">
      <Filter>Source Files</Filter>
    </ClCompile>
    <ClCompile Include="GroupInfoList.cpp">
      <Filter>Source Files</Filter>
    </ClCompile>
    <ClCompile Include="PlayerInfoList.cpp">
      <Filter>Source Files</Filter>
    </ClCompile>
  </ItemGroup>
  <ItemGroup>
    <ResourceCompile Include="BetApp_ocx.rc">
      <Filter>Resource Files</Filter>
    </ResourceCompile>
  </ItemGroup>
  <ItemGroup>
    <QtMoc Include="BetWidget.h">
      <Filter>Header Files</Filter>
    </QtMoc>
    <QtMoc Include="BridgeWidget.h">
      <Filter>Header Files</Filter>
    </QtMoc>
    <QtMoc Include="QuerybackAndCheckWidget.h">
      <Filter>Header Files</Filter>
    </QtMoc>
    <QtMoc Include="MyStatusBar.h">
      <Filter>Header Files</Filter>
    </QtMoc>
    <QtMoc Include="PlayerListWidget.h">
      <Filter>Header Files</Filter>
    </QtMoc>
    <QtMoc Include="BetCtlManager.h">
      <Filter>Header Files</Filter>
    </QtMoc>
    <QtMoc Include="PScoreTVModel.h">
      <Filter>Header Files</Filter>
    </QtMoc>
    <QtMoc Include="LotteryQueryGrpcClient.h">
      <Filter>Header Files</Filter>
    </QtMoc>
    <QtMoc Include="LotteryDataTVModel.h">
      <Filter>Header Files</Filter>
    </QtMoc>
    <QtMoc Include="LotteryDataWidget.h">
      <Filter>Header Files</Filter>
    </QtMoc>
    <QtMoc Include="SMachine.h">
      <Filter>Header Files</Filter>
    </QtMoc>
    <QtMoc Include="InfoSettingsWidget.h">
      <Filter>Header Files</Filter>
    </QtMoc>
    <QtMoc Include="InstructionWidget.h">
      <Filter>Header Files</Filter>
    </QtMoc>
    <QtMoc Include="ForAdvertiseWidget.h">
      <Filter>Header Files</Filter>
    </QtMoc>
    <QtMoc Include="ForLotteryWidget.h">
      <Filter>Header Files</Filter>
    </QtMoc>
    <QtMoc Include="ForNoGuessWidget.h">
      <Filter>Header Files</Filter>
    </QtMoc>
    <QtMoc Include="ForScoreWidget.h">
      <Filter>Header Files</Filter>
    </QtMoc>
    <QtMoc Include="ForTestWidget.h">
      <Filter>Header Files</Filter>
    </QtMoc>
    <QtMoc Include="LostrateWidget.h">
      <Filter>Header Files</Filter>
    </QtMoc>
    <QtMoc Include="GameRuleWidget.h">
      <Filter>Header Files</Filter>
    </QtMoc>
    <QtMoc Include="VoiceGuideWidget.h">
      <Filter>Header Files</Filter>
    </QtMoc>
    <QtMoc Include="ExtendedFunctionWidget.h">
      <Filter>Header Files</Filter>
    </QtMoc>
    <QtMoc Include="Connection.h">
      <Filter>Header Files</Filter>
    </QtMoc>
    <QtMoc Include="BetTask.h">
      <Filter>Header Files</Filter>
    </QtMoc>
    <QtMoc Include="TaskBase.h">
      <Filter>Header Files</Filter>
    </QtMoc>
    <QtMoc Include="BetManager.h">
      <Filter>Header Files</Filter>
    </QtMoc>
    <QtMoc Include="StatusWidget.h">
      <Filter>Header Files</Filter>
    </QtMoc>
    <QtMoc Include="PlayerInfo.h">
      <Filter>Header Files</Filter>
    </QtMoc>
    <QtMoc Include="GroupInfo.h">
      <Filter>Header Files</Filter>
    </QtMoc>
    <QtMoc Include="GroupInfoList.h">
      <Filter>Header Files</Filter>
    </QtMoc>
    <QtMoc Include="PlayerInfoList.h">
      <Filter>Header Files</Filter>
    </QtMoc>
  </ItemGroup>
  <ItemGroup>
    <QtUic Include="BetWidget.ui">
      <Filter>Form Files</Filter>
    </QtUic>
    <QtUic Include="BridgeWidget.ui">
      <Filter>Form Files</Filter>
    </QtUic>
    <QtUic Include="QuerybackAndCheckWidget.ui">
      <Filter>Form Files</Filter>
    </QtUic>
    <QtUic Include="MyStatusBar.ui">
      <Filter>Form Files</Filter>
    </QtUic>
    <QtUic Include="PlayerListWidget.ui">
      <Filter>Form Files</Filter>
    </QtUic>
    <QtUic Include="LotteryDataWidget.ui">
      <Filter>Form Files</Filter>
    </QtUic>
    <QtUic Include="InfoSettingsWidget.ui">
      <Filter>Form Files</Filter>
    </QtUic>
    <QtUic Include="InstructionWidget.ui">
      <Filter>Form Files</Filter>
    </QtUic>
    <QtUic Include="ForAdvertiseWidget.ui">
      <Filter>Form Files</Filter>
    </QtUic>
    <QtUic Include="ForLotteryWidget.ui">
      <Filter>Form Files</Filter>
    </QtUic>
    <QtUic Include="ForNoGuessWidget.ui">
      <Filter>Form Files</Filter>
    </QtUic>
    <QtUic Include="ForScoreWidget.ui">
      <Filter>Form Files</Filter>
    </QtUic>
    <QtUic Include="ForTestWidget.ui">
      <Filter>Form Files</Filter>
    </QtUic>
    <QtUic Include="LostrateWidget.ui">
      <Filter>Form Files</Filter>
    </QtUic>
    <QtUic Include="GameRuleWidget.ui">
      <Filter>Form Files</Filter>
    </QtUic>
    <QtUic Include="VoiceGuideWidget.ui">
      <Filter>Form Files</Filter>
    </QtUic>
    <QtUic Include="ExtendedFunctionWidget.ui">
      <Filter>Form Files</Filter>
    </QtUic>
    <QtUic Include="StatusWidget.ui">
      <Filter>Form Files</Filter>
    </QtUic>
  </ItemGroup>
  <ItemGroup>
    <None Include="BetApp_ocx.ico">
      <Filter>Resource Files</Filter>
    </None>
    <None Include="BetApp_ocx.def">
      <Filter>Source Files</Filter>
    </None>
  </ItemGroup>
  <ItemGroup>
    <QtRcc Include="BetApp.qrc">
      <Filter>Resource Files</Filter>
    </QtRcc>
  </ItemGroup>
  <ItemGroup>
    <ClInclude Include="ToolFunc.h">
      <Filter>Header Files</Filter>
    </ClInclude>
    <ClInclude Include="gdata.h">
      <Filter>Header Files</Filter>
    </ClInclude>
    <ClInclude Include="pdata.h">
      <Filter>Header Files</Filter>
    </ClInclude>
    <ClInclude Include="LotteryRule.h">
      <Filter>Header Files</Filter>
    </ClInclude>
    <ClInclude Include="LRSettings.h">
      <Filter>Header Files</Filter>
    </ClInclude>
    <ClInclude Include="br.grpc.pb.h">
      <Filter>Header Files</Filter>
    </ClInclude>
    <ClInclude Include="br.pb.h">
      <Filter>Header Files</Filter>
    </ClInclude>
    <ClInclude Include="DataPacket.h">
      <Filter>Header Files</Filter>
    </ClInclude>
    <ClInclude Include="tinyxml2.h">
      <Filter>Header Files</Filter>
    </ClInclude>
  </ItemGroup>
</Project>